// !$*UTF8*$!
{
	archiveVersion = 1;
	classes = {
	};
	objectVersion = 52;
	objects = {

/* Begin PBXBuildFile section */
		9D2C7A4623F19201007ACB01 /* AppDelegate.swift in Sources */ = {isa = PBXBuildFile; fileRef = 9D2C7A4523F19201007ACB01 /* AppDelegate.swift */; };
		9D2C7A4823F19201007ACB01 /* SceneDelegate.swift in Sources */ = {isa = PBXBuildFile; fileRef = 9D2C7A4723F19201007ACB01 /* SceneDelegate.swift */; };
		9D2C7A4A23F19201007ACB01 /* ContentView.swift in Sources */ = {isa = PBXBuildFile; fileRef = 9D2C7A4923F19201007ACB01 /* ContentView.swift */; };
		9D2C7A4C23F19203007ACB01 /* Assets.xcassets in Resources */ = {isa = PBXBuildFile; fileRef = 9D2C7A4B23F19203007ACB01 /* Assets.xcassets */; };
		9D2C7A4F23F19203007ACB01 /* Preview Assets.xcassets in Resources */ = {isa = PBXBuildFile; fileRef = 9D2C7A4E23F19203007ACB01 /* Preview Assets.xcassets */; };
		9D2C7A5223F19203007ACB01 /* LaunchScreen.storyboard in Resources */ = {isa = PBXBuildFile; fileRef = 9D2C7A5023F19203007ACB01 /* LaunchScreen.storyboard */; };
		9D2C7A5D23F19203007ACB01 /* ImageURLsTests.swift in Sources */ = {isa = PBXBuildFile; fileRef = 9D2C7A5C23F19203007ACB01 /* ImageURLsTests.swift */; };
		9D2C7A6823F19203007ACB01 /* ImageURLsUITests.swift in Sources */ = {isa = PBXBuildFile; fileRef = 9D2C7A6723F19203007ACB01 /* ImageURLsUITests.swift */; };
		9D2C7A7723F19227007ACB01 /* Model.swift in Sources */ = {isa = PBXBuildFile; fileRef = 9D2C7A7623F19227007ACB01 /* Model.swift */; };
		9D2C7A7923F196A5007ACB01 /* ImageRow.swift in Sources */ = {isa = PBXBuildFile; fileRef = 9D2C7A7823F196A5007ACB01 /* ImageRow.swift */; };
		9D2C7A7B23F197C3007ACB01 /* ImageViewContainer.swift in Sources */ = {isa = PBXBuildFile; fileRef = 9D2C7A7A23F197C3007ACB01 /* ImageViewContainer.swift */; };
		9D2C7A7D23F19850007ACB01 /* RemoteImageURL.swift in Sources */ = {isa = PBXBuildFile; fileRef = 9D2C7A7C23F19850007ACB01 /* RemoteImageURL.swift */; };
		9D654F8423F27805003E4E65 /* URLImage in Frameworks */ = {isa = PBXBuildFile; productRef = 9D654F8323F27805003E4E65 /* URLImage */; };
/* End PBXBuildFile section */

/* Begin PBXContainerItemProxy section */
		9D2C7A5923F19203007ACB01 /* PBXContainerItemProxy */ = {
			isa = PBXContainerItemProxy;
			containerPortal = 9D2C7A3A23F19201007ACB01 /* Project object */;
			proxyType = 1;
			remoteGlobalIDString = 9D2C7A4123F19201007ACB01;
			remoteInfo = ImageURLs;
		};
		9D2C7A6423F19203007ACB01 /* PBXContainerItemProxy */ = {
			isa = PBXContainerItemProxy;
			containerPortal = 9D2C7A3A23F19201007ACB01 /* Project object */;
			proxyType = 1;
			remoteGlobalIDString = 9D2C7A4123F19201007ACB01;
			remoteInfo = ImageURLs;
		};
/* End PBXContainerItemProxy section */

/* Begin PBXFileReference section */
		9D2C7A4223F19201007ACB01 /* ImageURLs.app */ = {isa = PBXFileReference; explicitFileType = wrapper.application; includeInIndex = 0; path = ImageURLs.app; sourceTree = BUILT_PRODUCTS_DIR; };
		9D2C7A4523F19201007ACB01 /* AppDelegate.swift */ = {isa = PBXFileReference; lastKnownFileType = sourcecode.swift; path = AppDelegate.swift; sourceTree = "<group>"; };
		9D2C7A4723F19201007ACB01 /* SceneDelegate.swift */ = {isa = PBXFileReference; lastKnownFileType = sourcecode.swift; path = SceneDelegate.swift; sourceTree = "<group>"; };
		9D2C7A4923F19201007ACB01 /* ContentView.swift */ = {isa = PBXFileReference; lastKnownFileType = sourcecode.swift; path = ContentView.swift; sourceTree = "<group>"; };
		9D2C7A4B23F19203007ACB01 /* Assets.xcassets */ = {isa = PBXFileReference; lastKnownFileType = folder.assetcatalog; path = Assets.xcassets; sourceTree = "<group>"; };
		9D2C7A4E23F19203007ACB01 /* Preview Assets.xcassets */ = {isa = PBXFileReference; lastKnownFileType = folder.assetcatalog; path = "Preview Assets.xcassets"; sourceTree = "<group>"; };
		9D2C7A5123F19203007ACB01 /* Base */ = {isa = PBXFileReference; lastKnownFileType = file.storyboard; name = Base; path = Base.lproj/LaunchScreen.storyboard; sourceTree = "<group>"; };
		9D2C7A5323F19203007ACB01 /* Info.plist */ = {isa = PBXFileReference; lastKnownFileType = text.plist.xml; path = Info.plist; sourceTree = "<group>"; };
		9D2C7A5823F19203007ACB01 /* ImageURLsTests.xctest */ = {isa = PBXFileReference; explicitFileType = wrapper.cfbundle; includeInIndex = 0; path = ImageURLsTests.xctest; sourceTree = BUILT_PRODUCTS_DIR; };
		9D2C7A5C23F19203007ACB01 /* ImageURLsTests.swift */ = {isa = PBXFileReference; lastKnownFileType = sourcecode.swift; path = ImageURLsTests.swift; sourceTree = "<group>"; };
		9D2C7A5E23F19203007ACB01 /* Info.plist */ = {isa = PBXFileReference; lastKnownFileType = text.plist.xml; path = Info.plist; sourceTree = "<group>"; };
		9D2C7A6323F19203007ACB01 /* ImageURLsUITests.xctest */ = {isa = PBXFileReference; explicitFileType = wrapper.cfbundle; includeInIndex = 0; path = ImageURLsUITests.xctest; sourceTree = BUILT_PRODUCTS_DIR; };
		9D2C7A6723F19203007ACB01 /* ImageURLsUITests.swift */ = {isa = PBXFileReference; lastKnownFileType = sourcecode.swift; path = ImageURLsUITests.swift; sourceTree = "<group>"; };
		9D2C7A6923F19203007ACB01 /* Info.plist */ = {isa = PBXFileReference; lastKnownFileType = text.plist.xml; path = Info.plist; sourceTree = "<group>"; };
		9D2C7A7623F19227007ACB01 /* Model.swift */ = {isa = PBXFileReference; lastKnownFileType = sourcecode.swift; path = Model.swift; sourceTree = "<group>"; };
		9D2C7A7823F196A5007ACB01 /* ImageRow.swift */ = {isa = PBXFileReference; lastKnownFileType = sourcecode.swift; path = ImageRow.swift; sourceTree = "<group>"; };
		9D2C7A7A23F197C3007ACB01 /* ImageViewContainer.swift */ = {isa = PBXFileReference; lastKnownFileType = sourcecode.swift; path = ImageViewContainer.swift; sourceTree = "<group>"; };
		9D2C7A7C23F19850007ACB01 /* RemoteImageURL.swift */ = {isa = PBXFileReference; lastKnownFileType = sourcecode.swift; path = RemoteImageURL.swift; sourceTree = "<group>"; };
/* End PBXFileReference section */

/* Begin PBXFrameworksBuildPhase section */
		9D2C7A3F23F19201007ACB01 /* Frameworks */ = {
			isa = PBXFrameworksBuildPhase;
			buildActionMask = 2147483647;
			files = (
				9D654F8423F27805003E4E65 /* URLImage in Frameworks */,
			);
			runOnlyForDeploymentPostprocessing = 0;
		};
		9D2C7A5523F19203007ACB01 /* Frameworks */ = {
			isa = PBXFrameworksBuildPhase;
			buildActionMask = 2147483647;
			files = (
			);
			runOnlyForDeploymentPostprocessing = 0;
		};
		9D2C7A6023F19203007ACB01 /* Frameworks */ = {
			isa = PBXFrameworksBuildPhase;
			buildActionMask = 2147483647;
			files = (
			);
			runOnlyForDeploymentPostprocessing = 0;
		};
/* End PBXFrameworksBuildPhase section */

/* Begin PBXGroup section */
		9D2C7A3923F19201007ACB01 = {
			isa = PBXGroup;
			children = (
				9D2C7A4423F19201007ACB01 /* ImageURLs */,
				9D2C7A5B23F19203007ACB01 /* ImageURLsTests */,
				9D2C7A6623F19203007ACB01 /* ImageURLsUITests */,
				9D2C7A4323F19201007ACB01 /* Products */,
			);
			sourceTree = "<group>";
		};
		9D2C7A4323F19201007ACB01 /* Products */ = {
			isa = PBXGroup;
			children = (
				9D2C7A4223F19201007ACB01 /* ImageURLs.app */,
				9D2C7A5823F19203007ACB01 /* ImageURLsTests.xctest */,
				9D2C7A6323F19203007ACB01 /* ImageURLsUITests.xctest */,
			);
			name = Products;
			sourceTree = "<group>";
		};
		9D2C7A4423F19201007ACB01 /* ImageURLs */ = {
			isa = PBXGroup;
			children = (
				9D2C7A7523F19211007ACB01 /* Model */,
				9D2C7A4523F19201007ACB01 /* AppDelegate.swift */,
				9D2C7A4723F19201007ACB01 /* SceneDelegate.swift */,
				9D2C7A4923F19201007ACB01 /* ContentView.swift */,
				9D2C7A4B23F19203007ACB01 /* Assets.xcassets */,
				9D2C7A5023F19203007ACB01 /* LaunchScreen.storyboard */,
				9D2C7A5323F19203007ACB01 /* Info.plist */,
				9D2C7A4D23F19203007ACB01 /* Preview Content */,
				9D2C7A7823F196A5007ACB01 /* ImageRow.swift */,
				9D2C7A7A23F197C3007ACB01 /* ImageViewContainer.swift */,
				9D2C7A7C23F19850007ACB01 /* RemoteImageURL.swift */,
			);
			path = ImageURLs;
			sourceTree = "<group>";
		};
		9D2C7A4D23F19203007ACB01 /* Preview Content */ = {
			isa = PBXGroup;
			children = (
				9D2C7A4E23F19203007ACB01 /* Preview Assets.xcassets */,
			);
			path = "Preview Content";
			sourceTree = "<group>";
		};
		9D2C7A5B23F19203007ACB01 /* ImageURLsTests */ = {
			isa = PBXGroup;
			children = (
				9D2C7A5C23F19203007ACB01 /* ImageURLsTests.swift */,
				9D2C7A5E23F19203007ACB01 /* Info.plist */,
			);
			path = ImageURLsTests;
			sourceTree = "<group>";
		};
		9D2C7A6623F19203007ACB01 /* ImageURLsUITests */ = {
			isa = PBXGroup;
			children = (
				9D2C7A6723F19203007ACB01 /* ImageURLsUITests.swift */,
				9D2C7A6923F19203007ACB01 /* Info.plist */,
			);
			path = ImageURLsUITests;
			sourceTree = "<group>";
		};
		9D2C7A7523F19211007ACB01 /* Model */ = {
			isa = PBXGroup;
			children = (
				9D2C7A7623F19227007ACB01 /* Model.swift */,
			);
			path = Model;
			sourceTree = "<group>";
		};
/* End PBXGroup section */

/* Begin PBXNativeTarget section */
		9D2C7A4123F19201007ACB01 /* ImageURLs */ = {
			isa = PBXNativeTarget;
			buildConfigurationList = 9D2C7A6C23F19203007ACB01 /* Build configuration list for PBXNativeTarget "ImageURLs" */;
			buildPhases = (
				9D2C7A3E23F19201007ACB01 /* Sources */,
				9D2C7A3F23F19201007ACB01 /* Frameworks */,
				9D2C7A4023F19201007ACB01 /* Resources */,
			);
			buildRules = (
			);
			dependencies = (
			);
			name = ImageURLs;
			packageProductDependencies = (
				9D654F8323F27805003E4E65 /* URLImage */,
			);
			productName = ImageURLs;
			productReference = 9D2C7A4223F19201007ACB01 /* ImageURLs.app */;
			productType = "com.apple.product-type.application";
		};
		9D2C7A5723F19203007ACB01 /* ImageURLsTests */ = {
			isa = PBXNativeTarget;
			buildConfigurationList = 9D2C7A6F23F19203007ACB01 /* Build configuration list for PBXNativeTarget "ImageURLsTests" */;
			buildPhases = (
				9D2C7A5423F19203007ACB01 /* Sources */,
				9D2C7A5523F19203007ACB01 /* Frameworks */,
				9D2C7A5623F19203007ACB01 /* Resources */,
			);
			buildRules = (
			);
			dependencies = (
				9D2C7A5A23F19203007ACB01 /* PBXTargetDependency */,
			);
			name = ImageURLsTests;
			productName = ImageURLsTests;
			productReference = 9D2C7A5823F19203007ACB01 /* ImageURLsTests.xctest */;
			productType = "com.apple.product-type.bundle.unit-test";
		};
		9D2C7A6223F19203007ACB01 /* ImageURLsUITests */ = {
			isa = PBXNativeTarget;
			buildConfigurationList = 9D2C7A7223F19203007ACB01 /* Build configuration list for PBXNativeTarget "ImageURLsUITests" */;
			buildPhases = (
				9D2C7A5F23F19203007ACB01 /* Sources */,
				9D2C7A6023F19203007ACB01 /* Frameworks */,
				9D2C7A6123F19203007ACB01 /* Resources */,
			);
			buildRules = (
			);
			dependencies = (
				9D2C7A6523F19203007ACB01 /* PBXTargetDependency */,
			);
			name = ImageURLsUITests;
			productName = ImageURLsUITests;
			productReference = 9D2C7A6323F19203007ACB01 /* ImageURLsUITests.xctest */;
			productType = "com.apple.product-type.bundle.ui-testing";
		};
/* End PBXNativeTarget section */

/* Begin PBXProject section */
		9D2C7A3A23F19201007ACB01 /* Project object */ = {
			isa = PBXProject;
			attributes = {
				LastSwiftUpdateCheck = 1130;
				LastUpgradeCheck = 1130;
				ORGANIZATIONNAME = "Manu Puthoor";
				TargetAttributes = {
					9D2C7A4123F19201007ACB01 = {
						CreatedOnToolsVersion = 11.3.1;
					};
					9D2C7A5723F19203007ACB01 = {
						CreatedOnToolsVersion = 11.3.1;
						TestTargetID = 9D2C7A4123F19201007ACB01;
					};
					9D2C7A6223F19203007ACB01 = {
						CreatedOnToolsVersion = 11.3.1;
						TestTargetID = 9D2C7A4123F19201007ACB01;
					};
				};
			};
			buildConfigurationList = 9D2C7A3D23F19201007ACB01 /* Build configuration list for PBXProject "ImageURLs" */;
			compatibilityVersion = "Xcode 9.3";
			developmentRegion = en;
			hasScannedForEncodings = 0;
			knownRegions = (
				en,
				Base,
			);
			mainGroup = 9D2C7A3923F19201007ACB01;
			packageReferences = (
				9D654F8223F27805003E4E65 /* XCRemoteSwiftPackageReference "url-image" */,
			);
			productRefGroup = 9D2C7A4323F19201007ACB01 /* Products */;
			projectDirPath = "";
			projectRoot = "";
			targets = (
				9D2C7A4123F19201007ACB01 /* ImageURLs */,
				9D2C7A5723F19203007ACB01 /* ImageURLsTests */,
				9D2C7A6223F19203007ACB01 /* ImageURLsUITests */,
			);
		};
/* End PBXProject section */

/* Begin PBXResourcesBuildPhase section */
		9D2C7A4023F19201007ACB01 /* Resources */ = {
			isa = PBXResourcesBuildPhase;
			buildActionMask = 2147483647;
			files = (
				9D2C7A5223F19203007ACB01 /* LaunchScreen.storyboard in Resources */,
				9D2C7A4F23F19203007ACB01 /* Preview Assets.xcassets in Resources */,
				9D2C7A4C23F19203007ACB01 /* Assets.xcassets in Resources */,
			);
			runOnlyForDeploymentPostprocessing = 0;
		};
		9D2C7A5623F19203007ACB01 /* Resources */ = {
			isa = PBXResourcesBuildPhase;
			buildActionMask = 2147483647;
			files = (
			);
			runOnlyForDeploymentPostprocessing = 0;
		};
		9D2C7A6123F19203007ACB01 /* Resources */ = {
			isa = PBXResourcesBuildPhase;
			buildActionMask = 2147483647;
			files = (
			);
			runOnlyForDeploymentPostprocessing = 0;
		};
/* End PBXResourcesBuildPhase section */

/* Begin PBXSourcesBuildPhase section */
		9D2C7A3E23F19201007ACB01 /* Sources */ = {
			isa = PBXSourcesBuildPhase;
			buildActionMask = 2147483647;
			files = (
				9D2C7A7923F196A5007ACB01 /* ImageRow.swift in Sources */,
				9D2C7A4623F19201007ACB01 /* AppDelegate.swift in Sources */,
				9D2C7A4823F19201007ACB01 /* SceneDelegate.swift in Sources */,
				9D2C7A4A23F19201007ACB01 /* ContentView.swift in Sources */,
				9D2C7A7B23F197C3007ACB01 /* ImageViewContainer.swift in Sources */,
				9D2C7A7D23F19850007ACB01 /* RemoteImageURL.swift in Sources */,
				9D2C7A7723F19227007ACB01 /* Model.swift in Sources */,
			);
			runOnlyForDeploymentPostprocessing = 0;
		};
		9D2C7A5423F19203007ACB01 /* Sources */ = {
			isa = PBXSourcesBuildPhase;
			buildActionMask = 2147483647;
			files = (
				9D2C7A5D23F19203007ACB01 /* ImageURLsTests.swift in Sources */,
			);
			runOnlyForDeploymentPostprocessing = 0;
		};
		9D2C7A5F23F19203007ACB01 /* Sources */ = {
			isa = PBXSourcesBuildPhase;
			buildActionMask = 2147483647;
			files = (
				9D2C7A6823F19203007ACB01 /* ImageURLsUITests.swift in Sources */,
			);
			runOnlyForDeploymentPostprocessing = 0;
		};
/* End PBXSourcesBuildPhase section */

/* Begin PBXTargetDependency section */
		9D2C7A5A23F19203007ACB01 /* PBXTargetDependency */ = {
			isa = PBXTargetDependency;
			target = 9D2C7A4123F19201007ACB01 /* ImageURLs */;
			targetProxy = 9D2C7A5923F19203007ACB01 /* PBXContainerItemProxy */;
		};
		9D2C7A6523F19203007ACB01 /* PBXTargetDependency */ = {
			isa = PBXTargetDependency;
			target = 9D2C7A4123F19201007ACB01 /* ImageURLs */;
			targetProxy = 9D2C7A6423F19203007ACB01 /* PBXContainerItemProxy */;
		};
/* End PBXTargetDependency section */

/* Begin PBXVariantGroup section */
		9D2C7A5023F19203007ACB01 /* LaunchScreen.storyboard */ = {
			isa = PBXVariantGroup;
			children = (
				9D2C7A5123F19203007ACB01 /* Base */,
			);
			name = LaunchScreen.storyboard;
			sourceTree = "<group>";
		};
/* End PBXVariantGroup section */

/* Begin XCBuildConfiguration section */
		9D2C7A6A23F19203007ACB01 /* Debug */ = {
			isa = XCBuildConfiguration;
			buildSettings = {
				ALWAYS_SEARCH_USER_PATHS = NO;
				CLANG_ANALYZER_NONNULL = YES;
				CLANG_ANALYZER_NUMBER_OBJECT_CONVERSION = YES_AGGRESSIVE;
				CLANG_CXX_LANGUAGE_STANDARD = "gnu++14";
				CLANG_CXX_LIBRARY = "libc++";
				CLANG_ENABLE_MODULES = YES;
				CLANG_ENABLE_OBJC_ARC = YES;
				CLANG_ENABLE_OBJC_WEAK = YES;
				CLANG_WARN_BLOCK_CAPTURE_AUTORELEASING = YES;
				CLANG_WARN_BOOL_CONVERSION = YES;
				CLANG_WARN_COMMA = YES;
				CLANG_WARN_CONSTANT_CONVERSION = YES;
				CLANG_WARN_DEPRECATED_OBJC_IMPLEMENTATIONS = YES;
				CLANG_WARN_DIRECT_OBJC_ISA_USAGE = YES_ERROR;
				CLANG_WARN_DOCUMENTATION_COMMENTS = YES;
				CLANG_WARN_EMPTY_BODY = YES;
				CLANG_WARN_ENUM_CONVERSION = YES;
				CLANG_WARN_INFINITE_RECURSION = YES;
				CLANG_WARN_INT_CONVERSION = YES;
				CLANG_WARN_NON_LITERAL_NULL_CONVERSION = YES;
				CLANG_WARN_OBJC_IMPLICIT_RETAIN_SELF = YES;
				CLANG_WARN_OBJC_LITERAL_CONVERSION = YES;
				CLANG_WARN_OBJC_ROOT_CLASS = YES_ERROR;
				CLANG_WARN_RANGE_LOOP_ANALYSIS = YES;
				CLANG_WARN_STRICT_PROTOTYPES = YES;
				CLANG_WARN_SUSPICIOUS_MOVE = YES;
				CLANG_WARN_UNGUARDED_AVAILABILITY = YES_AGGRESSIVE;
				CLANG_WARN_UNREACHABLE_CODE = YES;
				CLANG_WARN__DUPLICATE_METHOD_MATCH = YES;
				COPY_PHASE_STRIP = NO;
				DEBUG_INFORMATION_FORMAT = dwarf;
				ENABLE_STRICT_OBJC_MSGSEND = YES;
				ENABLE_TESTABILITY = YES;
				GCC_C_LANGUAGE_STANDARD = gnu11;
				GCC_DYNAMIC_NO_PIC = NO;
				GCC_NO_COMMON_BLOCKS = YES;
				GCC_OPTIMIZATION_LEVEL = 0;
				GCC_PREPROCESSOR_DEFINITIONS = (
					"DEBUG=1",
					"$(inherited)",
				);
				GCC_WARN_64_TO_32_BIT_CONVERSION = YES;
				GCC_WARN_ABOUT_RETURN_TYPE = YES_ERROR;
				GCC_WARN_UNDECLARED_SELECTOR = YES;
				GCC_WARN_UNINITIALIZED_AUTOS = YES_AGGRESSIVE;
				GCC_WARN_UNUSED_FUNCTION = YES;
				GCC_WARN_UNUSED_VARIABLE = YES;
				IPHONEOS_DEPLOYMENT_TARGET = 13.2;
				MTL_ENABLE_DEBUG_INFO = INCLUDE_SOURCE;
				MTL_FAST_MATH = YES;
				ONLY_ACTIVE_ARCH = YES;
				SDKROOT = iphoneos;
				SWIFT_ACTIVE_COMPILATION_CONDITIONS = DEBUG;
				SWIFT_OPTIMIZATION_LEVEL = "-Onone";
			};
			name = Debug;
		};
		9D2C7A6B23F19203007ACB01 /* Release */ = {
			isa = XCBuildConfiguration;
			buildSettings = {
				ALWAYS_SEARCH_USER_PATHS = NO;
				CLANG_ANALYZER_NONNULL = YES;
				CLANG_ANALYZER_NUMBER_OBJECT_CONVERSION = YES_AGGRESSIVE;
				CLANG_CXX_LANGUAGE_STANDARD = "gnu++14";
				CLANG_CXX_LIBRARY = "libc++";
				CLANG_ENABLE_MODULES = YES;
				CLANG_ENABLE_OBJC_ARC = YES;
				CLANG_ENABLE_OBJC_WEAK = YES;
				CLANG_WARN_BLOCK_CAPTURE_AUTORELEASING = YES;
				CLANG_WARN_BOOL_CONVERSION = YES;
				CLANG_WARN_COMMA = YES;
				CLANG_WARN_CONSTANT_CONVERSION = YES;
				CLANG_WARN_DEPRECATED_OBJC_IMPLEMENTATIONS = YES;
				CLANG_WARN_DIRECT_OBJC_ISA_USAGE = YES_ERROR;
				CLANG_WARN_DOCUMENTATION_COMMENTS = YES;
				CLANG_WARN_EMPTY_BODY = YES;
				CLANG_WARN_ENUM_CONVERSION = YES;
				CLANG_WARN_INFINITE_RECURSION = YES;
				CLANG_WARN_INT_CONVERSION = YES;
				CLANG_WARN_NON_LITERAL_NULL_CONVERSION = YES;
				CLANG_WARN_OBJC_IMPLICIT_RETAIN_SELF = YES;
				CLANG_WARN_OBJC_LITERAL_CONVERSION = YES;
				CLANG_WARN_OBJC_ROOT_CLASS = YES_ERROR;
				CLANG_WARN_RANGE_LOOP_ANALYSIS = YES;
				CLANG_WARN_STRICT_PROTOTYPES = YES;
				CLANG_WARN_SUSPICIOUS_MOVE = YES;
				CLANG_WARN_UNGUARDED_AVAILABILITY = YES_AGGRESSIVE;
				CLANG_WARN_UNREACHABLE_CODE = YES;
				CLANG_WARN__DUPLICATE_METHOD_MATCH = YES;
				COPY_PHASE_STRIP = NO;
				DEBUG_INFORMATION_FORMAT = "dwarf-with-dsym";
				ENABLE_NS_ASSERTIONS = NO;
				ENABLE_STRICT_OBJC_MSGSEND = YES;
				GCC_C_LANGUAGE_STANDARD = gnu11;
				GCC_NO_COMMON_BLOCKS = YES;
				GCC_WARN_64_TO_32_BIT_CONVERSION = YES;
				GCC_WARN_ABOUT_RETURN_TYPE = YES_ERROR;
				GCC_WARN_UNDECLARED_SELECTOR = YES;
				GCC_WARN_UNINITIALIZED_AUTOS = YES_AGGRESSIVE;
				GCC_WARN_UNUSED_FUNCTION = YES;
				GCC_WARN_UNUSED_VARIABLE = YES;
				IPHONEOS_DEPLOYMENT_TARGET = 13.2;
				MTL_ENABLE_DEBUG_INFO = NO;
				MTL_FAST_MATH = YES;
				SDKROOT = iphoneos;
				SWIFT_COMPILATION_MODE = wholemodule;
				SWIFT_OPTIMIZATION_LEVEL = "-O";
				VALIDATE_PRODUCT = YES;
			};
			name = Release;
		};
		9D2C7A6D23F19203007ACB01 /* Debug */ = {
			isa = XCBuildConfiguration;
			buildSettings = {
				ASSETCATALOG_COMPILER_APPICON_NAME = AppIcon;
				CODE_SIGN_STYLE = Automatic;
				DEVELOPMENT_ASSET_PATHS = "\"ImageURLs/Preview Content\"";
				DEVELOPMENT_TEAM = 3P3J8AFD59;
				ENABLE_PREVIEWS = YES;
				INFOPLIST_FILE = ImageURLs/Info.plist;
				LD_RUNPATH_SEARCH_PATHS = (
					"$(inherited)",
					"@executable_path/Frameworks",
				);
				PRODUCT_BUNDLE_IDENTIFIER = "com.Qaptive-Tech.ImageURLs";
				PRODUCT_NAME = "$(TARGET_NAME)";
				SWIFT_VERSION = 5.0;
				TARGETED_DEVICE_FAMILY = "1,2";
			};
			name = Debug;
		};
		9D2C7A6E23F19203007ACB01 /* Release */ = {
			isa = XCBuildConfiguration;
			buildSettings = {
				ASSETCATALOG_COMPILER_APPICON_NAME = AppIcon;
				CODE_SIGN_STYLE = Automatic;
				DEVELOPMENT_ASSET_PATHS = "\"ImageURLs/Preview Content\"";
				DEVELOPMENT_TEAM = 3P3J8AFD59;
				ENABLE_PREVIEWS = YES;
				INFOPLIST_FILE = ImageURLs/Info.plist;
				LD_RUNPATH_SEARCH_PATHS = (
					"$(inherited)",
					"@executable_path/Frameworks",
				);
				PRODUCT_BUNDLE_IDENTIFIER = "com.Qaptive-Tech.ImageURLs";
				PRODUCT_NAME = "$(TARGET_NAME)";
				SWIFT_VERSION = 5.0;
				TARGETED_DEVICE_FAMILY = "1,2";
			};
			name = Release;
		};
		9D2C7A7023F19203007ACB01 /* Debug */ = {
			isa = XCBuildConfiguration;
			buildSettings = {
				ALWAYS_EMBED_SWIFT_STANDARD_LIBRARIES = YES;
				BUNDLE_LOADER = "$(TEST_HOST)";
				CODE_SIGN_STYLE = Automatic;
				DEVELOPMENT_TEAM = 3P3J8AFD59;
				INFOPLIST_FILE = ImageURLsTests/Info.plist;
				IPHONEOS_DEPLOYMENT_TARGET = 13.2;
				LD_RUNPATH_SEARCH_PATHS = (
					"$(inherited)",
					"@executable_path/Frameworks",
					"@loader_path/Frameworks",
				);
				PRODUCT_BUNDLE_IDENTIFIER = "com.Qaptive-Tech.ImageURLsTests";
				PRODUCT_NAME = "$(TARGET_NAME)";
				SWIFT_VERSION = 5.0;
				TARGETED_DEVICE_FAMILY = "1,2";
				TEST_HOST = "$(BUILT_PRODUCTS_DIR)/ImageURLs.app/ImageURLs";
			};
			name = Debug;
		};
		9D2C7A7123F19203007ACB01 /* Release */ = {
			isa = XCBuildConfiguration;
			buildSettings = {
				ALWAYS_EMBED_SWIFT_STANDARD_LIBRARIES = YES;
				BUNDLE_LOADER = "$(TEST_HOST)";
				CODE_SIGN_STYLE = Automatic;
				DEVELOPMENT_TEAM = 3P3J8AFD59;
				INFOPLIST_FILE = ImageURLsTests/Info.plist;
				IPHONEOS_DEPLOYMENT_TARGET = 13.2;
				LD_RUNPATH_SEARCH_PATHS = (
					"$(inherited)",
					"@executable_path/Frameworks",
					"@loader_path/Frameworks",
				);
				PRODUCT_BUNDLE_IDENTIFIER = "com.Qaptive-Tech.ImageURLsTests";
				PRODUCT_NAME = "$(TARGET_NAME)";
				SWIFT_VERSION = 5.0;
				TARGETED_DEVICE_FAMILY = "1,2";
				TEST_HOST = "$(BUILT_PRODUCTS_DIR)/ImageURLs.app/ImageURLs";
			};
			name = Release;
		};
		9D2C7A7323F19203007ACB01 /* Debug */ = {
			isa = XCBuildConfiguration;
			buildSettings = {
				ALWAYS_EMBED_SWIFT_STANDARD_LIBRARIES = YES;
				CODE_SIGN_STYLE = Automatic;
				DEVELOPMENT_TEAM = 3P3J8AFD59;
				INFOPLIST_FILE = ImageURLsUITests/Info.plist;
				LD_RUNPATH_SEARCH_PATHS = (
					"$(inherited)",
					"@executable_path/Frameworks",
					"@loader_path/Frameworks",
				);
				PRODUCT_BUNDLE_IDENTIFIER = "com.Qaptive-Tech.ImageURLsUITests";
				PRODUCT_NAME = "$(TARGET_NAME)";
				SWIFT_VERSION = 5.0;
				TARGETED_DEVICE_FAMILY = "1,2";
				TEST_TARGET_NAME = ImageURLs;
			};
			name = Debug;
		};
		9D2C7A7423F19203007ACB01 /* Release */ = {
			isa = XCBuildConfiguration;
			buildSettings = {
				ALWAYS_EMBED_SWIFT_STANDARD_LIBRARIES = YES;
				CODE_SIGN_STYLE = Automatic;
				DEVELOPMENT_TEAM = 3P3J8AFD59;
				INFOPLIST_FILE = ImageURLsUITests/Info.plist;
				LD_RUNPATH_SEARCH_PATHS = (
					"$(inherited)",
					"@executable_path/Frameworks",
					"@loader_path/Frameworks",
				);
				PRODUCT_BUNDLE_IDENTIFIER = "com.Qaptive-Tech.ImageURLsUITests";
				PRODUCT_NAME = "$(TARGET_NAME)";
				SWIFT_VERSION = 5.0;
				TARGETED_DEVICE_FAMILY = "1,2";
				TEST_TARGET_NAME = ImageURLs;
			};
			name = Release;
		};
/* End XCBuildConfiguration section */

/* Begin XCConfigurationList section */
		9D2C7A3D23F19201007ACB01 /* Build configuration list for PBXProject "ImageURLs" */ = {
			isa = XCConfigurationList;
			buildConfigurations = (
				9D2C7A6A23F19203007ACB01 /* Debug */,
				9D2C7A6B23F19203007ACB01 /* Release */,
			);
			defaultConfigurationIsVisible = 0;
			defaultConfigurationName = Release;
		};
		9D2C7A6C23F19203007ACB01 /* Build configuration list for PBXNativeTarget "ImageURLs" */ = {
			isa = XCConfigurationList;
			buildConfigurations = (
				9D2C7A6D23F19203007ACB01 /* Debug */,
				9D2C7A6E23F19203007ACB01 /* Release */,
			);
			defaultConfigurationIsVisible = 0;
			defaultConfigurationName = Release;
		};
		9D2C7A6F23F19203007ACB01 /* Build configuration list for PBXNativeTarget "ImageURLsTests" */ = {
			isa = XCConfigurationList;
			buildConfigurations = (
				9D2C7A7023F19203007ACB01 /* Debug */,
				9D2C7A7123F19203007ACB01 /* Release */,
			);
			defaultConfigurationIsVisible = 0;
			defaultConfigurationName = Release;
		};
		9D2C7A7223F19203007ACB01 /* Build configuration list for PBXNativeTarget "ImageURLsUITests" */ = {
			isa = XCConfigurationList;
			buildConfigurations = (
				9D2C7A7323F19203007ACB01 /* Debug */,
				9D2C7A7423F19203007ACB01 /* Release */,
			);
			defaultConfigurationIsVisible = 0;
			defaultConfigurationName = Release;
		};
/* End XCConfigurationList section */

/* Begin XCRemoteSwiftPackageReference section */
		9D654F8223F27805003E4E65 /* XCRemoteSwiftPackageReference "url-image" */ = {
			isa = XCRemoteSwiftPackageReference;
			repositoryURL = "https://github.com/dmytro-anokhin/url-image";
			requirement = {
				kind = upToNextMajorVersion;
				minimumVersion = 0.9.10;
			};
		};
/* End XCRemoteSwiftPackageReference section */

/* Begin XCSwiftPackageProductDependency section */
		9D654F8323F27805003E4E65 /* URLImage */ = {
			isa = XCSwiftPackageProductDependency;
			package = 9D654F8223F27805003E4E65 /* XCRemoteSwiftPackageReference "url-image" */;
			productName = URLImage;
		};
/* End XCSwiftPackageProductDependency section */
	};
	rootObject = 9D2C7A3A23F19201007ACB01 /* Project object */;
}
